
Microsoft Visual Studio Solution File, Format Version 12.00
# Visual Studio Version 16
VisualStudioVersion = 16.0.33130.400
MinimumVisualStudioVersion = 10.0.40219.1
Project("{9A19103F-16F7-4668-BE54-9A1E7A4F7556}") = "csharp-web-exam-api", "csharp-web-exam-api\csharp-web-exam-api.csproj", "{54F265F3-D501-443E-A2B2-7859BD910CDC}"
EndProject
Project("{FAE04EC0-301F-11D3-BF4B-00C04F79EFBC}") = "AppCRUD.Android", "AppCRUD\AppCRUD.Android\AppCRUD.Android.csproj", "{E9EB4966-3930-45D8-9B36-8D7112EC7751}"
EndProject
Project("{FAE04EC0-301F-11D3-BF4B-00C04F79EFBC}") = "AppCRUD.iOS", "AppCRUD\AppCRUD.iOS\AppCRUD.iOS.csproj", "{DDEB532F-929E-4742-95A7-71BEADB50D11}"
EndProject
Project("{FAE04EC0-301F-11D3-BF4B-00C04F79EFBC}") = "AppCRUD", "AppCRUD\AppCRUD\AppCRUD.csproj", "{F8B7E1D6-8590-4304-9FDC-7B135A33563D}"
EndProject
Global
	GlobalSection(SolutionConfigurationPlatforms) = preSolution
		Debug|Any CPU = Debug|Any CPU
		Debug|iPhone = Debug|iPhone
		Debug|iPhoneSimulator = Debug|iPhoneSimulator
		Release|Any CPU = Release|Any CPU
		Release|iPhone = Release|iPhone
		Release|iPhoneSimulator = Release|iPhoneSimulator
	EndGlobalSection
	GlobalSection(ProjectConfigurationPlatforms) = postSolution
		{54F265F3-D501-443E-A2B2-7859BD910CDC}.Debug|Any CPU.ActiveCfg = Debug|Any CPU
		{54F265F3-D501-443E-A2B2-7859BD910CDC}.Debug|Any CPU.Build.0 = Debug|Any CPU
		{54F265F3-D501-443E-A2B2-7859BD910CDC}.Debug|iPhone.ActiveCfg = Debug|Any CPU
		{54F265F3-D501-443E-A2B2-7859BD910CDC}.Debug|iPhone.Build.0 = Debug|Any CPU
		{54F265F3-D501-443E-A2B2-7859BD910CDC}.Debug|iPhoneSimulator.ActiveCfg = Debug|Any CPU
		{54F265F3-D501-443E-A2B2-7859BD910CDC}.Debug|iPhoneSimulator.Build.0 = Debug|Any CPU
		{54F265F3-D501-443E-A2B2-7859BD910CDC}.Release|Any CPU.ActiveCfg = Release|Any CPU
		{54F265F3-D501-443E-A2B2-7859BD910CDC}.Release|Any CPU.Build.0 = Release|Any CPU
		{54F265F3-D501-443E-A2B2-7859BD910CDC}.Release|iPhone.ActiveCfg = Release|Any CPU
		{54F265F3-D501-443E-A2B2-7859BD910CDC}.Release|iPhone.Build.0 = Release|Any CPU
		{54F265F3-D501-443E-A2B2-7859BD910CDC}.Release|iPhoneSimulator.ActiveCfg = Release|Any CPU
		{54F265F3-D501-443E-A2B2-7859BD910CDC}.Release|iPhoneSimulator.Build.0 = Release|Any CPU
		{E9EB4966-3930-45D8-9B36-8D7112EC7751}.Debug|Any CPU.ActiveCfg = Debug|Any CPU
		{E9EB4966-3930-45D8-9B36-8D7112EC7751}.Debug|Any CPU.Build.0 = Debug|Any CPU
		{E9EB4966-3930-45D8-9B36-8D7112EC7751}.Debug|Any CPU.Deploy.0 = Debug|Any CPU
		{E9EB4966-3930-45D8-9B36-8D7112EC7751}.Debug|iPhone.ActiveCfg = Debug|Any CPU
		{E9EB4966-3930-45D8-9B36-8D7112EC7751}.Debug|iPhone.Build.0 = Debug|Any CPU
		{E9EB4966-3930-45D8-9B36-8D7112EC7751}.Debug|iPhone.Deploy.0 = Debug|Any CPU
		{E9EB4966-3930-45D8-9B36-8D7112EC7751}.Debug|iPhoneSimulator.ActiveCfg = Debug|Any CPU
		{E9EB4966-3930-45D8-9B36-8D7112EC7751}.Debug|iPhoneSimulator.Build.0 = Debug|Any CPU
		{E9EB4966-3930-45D8-9B36-8D7112EC7751}.Debug|iPhoneSimulator.Deploy.0 = Debug|Any CPU
		{E9EB4966-3930-45D8-9B36-8D7112EC7751}.Release|Any CPU.ActiveCfg = Release|Any CPU
		{E9EB4966-3930-45D8-9B36-8D7112EC7751}.Release|Any CPU.Build.0 = Release|Any CPU
		{E9EB4966-3930-45D8-9B36-8D7112EC7751}.Release|Any CPU.Deploy.0 = Release|Any CPU
		{E9EB4966-3930-45D8-9B36-8D7112EC7751}.Release|iPhone.ActiveCfg = Release|Any CPU
		{E9EB4966-3930-45D8-9B36-8D7112EC7751}.Release|iPhone.Build.0 = Release|Any CPU
		{E9EB4966-3930-45D8-9B36-8D7112EC7751}.Release|iPhone.Deploy.0 = Release|Any CPU
		{E9EB4966-3930-45D8-9B36-8D7112EC7751}.Release|iPhoneSimulator.ActiveCfg = Release|Any CPU
		{E9EB4966-3930-45D8-9B36-8D7112EC7751}.Release|iPhoneSimulator.Build.0 = Release|Any CPU
		{E9EB4966-3930-45D8-9B36-8D7112EC7751}.Release|iPhoneSimulator.Deploy.0 = Release|Any CPU
		{DDEB532F-929E-4742-95A7-71BEADB50D11}.Debug|Any CPU.ActiveCfg = Debug|iPhoneSimulator
		{DDEB532F-929E-4742-95A7-71BEADB50D11}.Debug|iPhone.ActiveCfg = Debug|iPhone
		{DDEB532F-929E-4742-95A7-71BEADB50D11}.Debug|iPhone.Build.0 = Debug|iPhone
		{DDEB532F-929E-4742-95A7-71BEADB50D11}.Debug|iPhoneSimulator.ActiveCfg = Debug|iPhoneSimulator
		{DDEB532F-929E-4742-95A7-71BEADB50D11}.Debug|iPhoneSimulator.Build.0 = Debug|iPhoneSimulator
		{DDEB532F-929E-4742-95A7-71BEADB50D11}.Release|Any CPU.ActiveCfg = Release|iPhoneSimulator
		{DDEB532F-929E-4742-95A7-71BEADB50D11}.Release|iPhone.ActiveCfg = Release|iPhone
		{DDEB532F-929E-4742-95A7-71BEADB50D11}.Release|iPhone.Build.0 = Release|iPhone
		{DDEB532F-929E-4742-95A7-71BEADB50D11}.Release|iPhoneSimulator.ActiveCfg = Release|iPhoneSimulator
		{DDEB532F-929E-4742-95A7-71BEADB50D11}.Release|iPhoneSimulator.Build.0 = Release|iPhoneSimulator
		{F8B7E1D6-8590-4304-9FDC-7B135A33563D}.Debug|Any CPU.ActiveCfg = Debug|Any CPU
		{F8B7E1D6-8590-4304-9FDC-7B135A33563D}.Debug|Any CPU.Build.0 = Debug|Any CPU
		{F8B7E1D6-8590-4304-9FDC-7B135A33563D}.Debug|iPhone.ActiveCfg = Debug|Any CPU
		{F8B7E1D6-8590-4304-9FDC-7B135A33563D}.Debug|iPhone.Build.0 = Debug|Any CPU
		{F8B7E1D6-8590-4304-9FDC-7B135A33563D}.Debug|iPhoneSimulator.ActiveCfg = Debug|Any CPU
		{F8B7E1D6-8590-4304-9FDC-7B135A33563D}.Debug|iPhoneSimulator.Build.0 = Debug|Any CPU
		{F8B7E1D6-8590-4304-9FDC-7B135A33563D}.Release|Any CPU.ActiveCfg = Release|Any CPU
		{F8B7E1D6-8590-4304-9FDC-7B135A33563D}.Release|Any CPU.Build.0 = Release|Any CPU
		{F8B7E1D6-8590-4304-9FDC-7B135A33563D}.Release|iPhone.ActiveCfg = Release|Any CPU
		{F8B7E1D6-8590-4304-9FDC-7B135A33563D}.Release|iPhone.Build.0 = Release|Any CPU
		{F8B7E1D6-8590-4304-9FDC-7B135A33563D}.Release|iPhoneSimulator.ActiveCfg = Release|Any CPU
		{F8B7E1D6-8590-4304-9FDC-7B135A33563D}.Release|iPhoneSimulator.Build.0 = Release|Any CPU
	EndGlobalSection
	GlobalSection(SolutionProperties) = preSolution
		HideSolutionNode = FALSE
	EndGlobalSection
	GlobalSection(ExtensibilityGlobals) = postSolution
		SolutionGuid = {8F1A1219-F041-4A32-845F-E32B339FB11C}
	EndGlobalSection
EndGlobal
